
Microsoft Visual Studio Solution File, Format Version 12.00
# Visual Studio Version 17
VisualStudioVersion = 17.0.31912.275
MinimumVisualStudioVersion = 10.0.40219.1
Project("{FAE04EC0-301F-11D3-BF4B-00C04F79EFBC}") = "OOP - Shapes and Console Application", "OOP - Shapes and Console Application\OOP - Shapes and Console Application.csproj", "{6998E307-AA7C-4D8D-ADCF-782859AAD482}"
EndProject
Global
	GlobalSection(SolutionConfigurationPlatforms) = preSolution
		Debug|Any CPU = Debug|Any CPU
		Release|Any CPU = Release|Any CPU
	EndGlobalSection
	GlobalSection(ProjectConfigurationPlatforms) = postSolution
		{6998E307-AA7C-4D8D-ADCF-782859AAD482}.Debug|Any CPU.ActiveCfg = Debug|Any CPU
		{6998E307-AA7C-4D8D-ADCF-782859AAD482}.Debug|Any CPU.Build.0 = Debug|Any CPU
		{6998E307-AA7C-4D8D-ADCF-782859AAD482}.Release|Any CPU.ActiveCfg = Release|Any CPU
		{6998E307-AA7C-4D8D-ADCF-782859AAD482}.Release|Any CPU.Build.0 = Release|Any CPU
	EndGlobalSection
	GlobalSection(SolutionProperties) = preSolution
		HideSolutionNode = FALSE
	EndGlobalSection
	GlobalSection(ExtensibilityGlobals) = postSolution
		SolutionGuid = {DE881B65-13EA-4896-91D4-64852B1F95B4}
	EndGlobalSection
EndGlobal
